
Microsoft Visual Studio Solution File, Format Version 12.00
# Visual Studio Version 17
VisualStudioVersion = 17.3.32825.248
MinimumVisualStudioVersion = 10.0.40219.1
Project("{FAE04EC0-301F-11D3-BF4B-00C04F79EFBC}") = "ProvaProductorV3TaulaNova", "ProvaProductorV3TaulaNova\ProvaProductorV3TaulaNova.csproj", "{81F973D1-88CC-49DA-8BA3-F58D7BD0496F}"
EndProject
Global
	GlobalSection(SolutionConfigurationPlatforms) = preSolution
		Debug|Any CPU = Debug|Any CPU
		Release|Any CPU = Release|Any CPU
	EndGlobalSection
	GlobalSection(ProjectConfigurationPlatforms) = postSolution
		{81F973D1-88CC-49DA-8BA3-F58D7BD0496F}.Debug|Any CPU.ActiveCfg = Debug|Any CPU
		{81F973D1-88CC-49DA-8BA3-F58D7BD0496F}.Debug|Any CPU.Build.0 = Debug|Any CPU
		{81F973D1-88CC-49DA-8BA3-F58D7BD0496F}.Release|Any CPU.ActiveCfg = Release|Any CPU
		{81F973D1-88CC-49DA-8BA3-F58D7BD0496F}.Release|Any CPU.Build.0 = Release|Any CPU
	EndGlobalSection
	GlobalSection(SolutionProperties) = preSolution
		HideSolutionNode = FALSE
	EndGlobalSection
	GlobalSection(ExtensibilityGlobals) = postSolution
		SolutionGuid = {FD89B94E-BB2A-4DCE-829A-4C219568D26F}
	EndGlobalSection
EndGlobal
